<?xml version="1.0" encoding="utf-8"?>
<Project ToolsVersion="4.0" xmlns="http://schemas.microsoft.com/developer/msbuild/2003">
  <ItemGroup>
    <ClCompile Include="atmosphere.cpp" />
    <ClCompile Include="camera.cpp" />
    <ClCompile Include="light.cpp" />
    <ClCompile Include="main.cpp" />
    <ClCompile Include="m_brick.cpp" />
    <ClCompile Include="m_checker.cpp" />
    <ClCompile Include="phong-blinn.cpp" />
    <ClCompile Include="m_phong.cpp" />
    <ClCompile Include="phong.cpp" />
    <ClCompile Include="point.cpp" />
    <ClCompile Include="ray.cpp" />
    <ClCompile Include="plane.cpp" />
    <ClCompile Include="sphere.cpp" />
    <ClCompile Include="triangle.cpp" />
    <ClCompile Include="world.cpp" />
  </ItemGroup>
  <ItemGroup>
    <ClInclude Include="atmosphere.hpp" />
    <ClInclude Include="camera.hpp" />
    <ClInclude Include="illumination.hpp" />
    <ClInclude Include="light.hpp" />
    <ClInclude Include="material.hpp" />
    <ClInclude Include="m_brick.hpp" />
    <ClInclude Include="m_checker.hpp" />
    <ClInclude Include="object.hpp" />
    <ClInclude Include="phong-blinn.hpp" />
    <ClInclude Include="m_phong.hpp" />
    <ClInclude Include="phong.hpp" />
    <ClInclude Include="point.hpp" />
    <ClInclude Include="ray.hpp" />
    <ClInclude Include="plane.hpp" />
    <ClInclude Include="sphere.hpp" />
    <ClInclude Include="triangle.hpp" />
    <ClInclude Include="world.hpp" />
  </ItemGroup>
</Project>